
Microsoft Visual Studio Solution File, Format Version 12.00
# Visual Studio Version 17
VisualStudioVersion = 17.4.33015.44
MinimumVisualStudioVersion = 10.0.40219.1
Project("{9A19103F-16F7-4668-BE54-9A1E7A4F7556}") = "Azure.Servers.Functions", "Functions\Azure.Servers.Functions.csproj", "{4B79D3C8-3A34-4BEA-AFD4-504790999861}"
EndProject
Project("{2150E333-8FDC-42A3-9474-1A3956D46DE8}") = "Azure", "Azure", "{03F4F9C4-CDB2-41DE-8948-830462392A23}"
EndProject
Project("{2150E333-8FDC-42A3-9474-1A3956D46DE8}") = "Servers", "Servers", "{8E02CA62-6BE2-4752-98D8-87FA59C3DCAA}"
EndProject
Project("{2150E333-8FDC-42A3-9474-1A3956D46DE8}") = "Clients", "Clients", "{C4732B18-8FD4-4C77-B0A3-1DA4A1349F58}"
	ProjectSection(SolutionItems) = preProject
		performanceStresser.sh = performanceStresser.sh
		Functions\Properties\PopulateRedis.txt = Functions\Properties\PopulateRedis.txt
	EndProjectSection
EndProject
Global
	GlobalSection(SolutionConfigurationPlatforms) = preSolution
		Debug|Any CPU = Debug|Any CPU
		Release|Any CPU = Release|Any CPU
	EndGlobalSection
	GlobalSection(ProjectConfigurationPlatforms) = postSolution
		{4B79D3C8-3A34-4BEA-AFD4-504790999861}.Debug|Any CPU.ActiveCfg = Debug|Any CPU
		{4B79D3C8-3A34-4BEA-AFD4-504790999861}.Debug|Any CPU.Build.0 = Debug|Any CPU
		{4B79D3C8-3A34-4BEA-AFD4-504790999861}.Release|Any CPU.ActiveCfg = Release|Any CPU
		{4B79D3C8-3A34-4BEA-AFD4-504790999861}.Release|Any CPU.Build.0 = Release|Any CPU
	EndGlobalSection
	GlobalSection(SolutionProperties) = preSolution
		HideSolutionNode = FALSE
	EndGlobalSection
	GlobalSection(NestedProjects) = preSolution
		{4B79D3C8-3A34-4BEA-AFD4-504790999861} = {8E02CA62-6BE2-4752-98D8-87FA59C3DCAA}
		{8E02CA62-6BE2-4752-98D8-87FA59C3DCAA} = {03F4F9C4-CDB2-41DE-8948-830462392A23}
		{C4732B18-8FD4-4C77-B0A3-1DA4A1349F58} = {03F4F9C4-CDB2-41DE-8948-830462392A23}
	EndGlobalSection
	GlobalSection(ExtensibilityGlobals) = postSolution
		SolutionGuid = {6C91C6BD-3029-49A9-B3C4-64D9AC2DDBCF}
	EndGlobalSection
EndGlobal
